
Microsoft Visual Studio Solution File, Format Version 12.00
# Visual Studio 14
VisualStudioVersion = 14.0.25420.1
MinimumVisualStudioVersion = 10.0.40219.1
Project("{FAE04EC0-301F-11D3-BF4B-00C04F79EFBC}") = "BlowOut", "BlowOut\BlowOut.csproj", "{403D57CE-5102-4797-8BE5-991BCF760735}"
EndProject
Project("{FAE04EC0-301F-11D3-BF4B-00C04F79EFBC}") = "ModalLogin.BL", "ModalLogin.BL\ModalLogin.BL.csproj", "{2017D72C-0188-452C-9526-B9E5C6EDFB71}"
EndProject
Global
	GlobalSection(SolutionConfigurationPlatforms) = preSolution
		Debug|Any CPU = Debug|Any CPU
		Release|Any CPU = Release|Any CPU
	EndGlobalSection
	GlobalSection(ProjectConfigurationPlatforms) = postSolution
		{403D57CE-5102-4797-8BE5-991BCF760735}.Debug|Any CPU.ActiveCfg = Debug|Any CPU
		{403D57CE-5102-4797-8BE5-991BCF760735}.Debug|Any CPU.Build.0 = Debug|Any CPU
		{403D57CE-5102-4797-8BE5-991BCF760735}.Release|Any CPU.ActiveCfg = Release|Any CPU
		{403D57CE-5102-4797-8BE5-991BCF760735}.Release|Any CPU.Build.0 = Release|Any CPU
		{2017D72C-0188-452C-9526-B9E5C6EDFB71}.Debug|Any CPU.ActiveCfg = Debug|Any CPU
		{2017D72C-0188-452C-9526-B9E5C6EDFB71}.Debug|Any CPU.Build.0 = Debug|Any CPU
		{2017D72C-0188-452C-9526-B9E5C6EDFB71}.Release|Any CPU.ActiveCfg = Release|Any CPU
		{2017D72C-0188-452C-9526-B9E5C6EDFB71}.Release|Any CPU.Build.0 = Release|Any CPU
	EndGlobalSection
	GlobalSection(SolutionProperties) = preSolution
		HideSolutionNode = FALSE
	EndGlobalSection
EndGlobal
